
Microsoft Visual Studio Solution File, Format Version 12.00
# Visual Studio 15
VisualStudioVersion = 15.0.28010.2050
MinimumVisualStudioVersion = 10.0.40219.1
Project("{FAE04EC0-301F-11D3-BF4B-00C04F79EFBC}") = "DotNetCore_UploadFile_Demo", "DotNetCore_UploadFile_Demo\DotNetCore_UploadFile_Demo.csproj", "{1E439CAE-8393-4936-8CEF-6BA734FFC8CE}"
EndProject
Global
	GlobalSection(SolutionConfigurationPlatforms) = preSolution
		Debug|Any CPU = Debug|Any CPU
		Release|Any CPU = Release|Any CPU
	EndGlobalSection
	GlobalSection(ProjectConfigurationPlatforms) = postSolution
		{1E439CAE-8393-4936-8CEF-6BA734FFC8CE}.Debug|Any CPU.ActiveCfg = Debug|Any CPU
		{1E439CAE-8393-4936-8CEF-6BA734FFC8CE}.Debug|Any CPU.Build.0 = Debug|Any CPU
		{1E439CAE-8393-4936-8CEF-6BA734FFC8CE}.Release|Any CPU.ActiveCfg = Release|Any CPU
		{1E439CAE-8393-4936-8CEF-6BA734FFC8CE}.Release|Any CPU.Build.0 = Release|Any CPU
	EndGlobalSection
	GlobalSection(SolutionProperties) = preSolution
		HideSolutionNode = FALSE
	EndGlobalSection
	GlobalSection(ExtensibilityGlobals) = postSolution
		SolutionGuid = {2BA2BA55-EBAB-466E-AD34-ED6E16C5DAA6}
	EndGlobalSection
EndGlobal
